michaelgallagher Terraform
$ terraform plan -out solution.plan
var.password
  password for VMs

  Enter a value: ******

var.username
  username for VMs

  Enter a value: mikeg

data.azurerm_resource_group.main: Reading...
data.azurerm_resource_group.main: Read complete after 1s [id=/subscriptions/2576e2a1-0b1e-4545-9622-12ca44208419/resourceGroups/Azuredevops]
data.azurerm_image.main: Reading...
data.azurerm_image.main: Read complete after 0s [id=/subscriptions/2576e2a1-0b1e-4545-9622-12ca44208419/resourceGroups/Azuredevops/providers/Microsoft.Compute/images/projectImage]

Terraform used the selected providers to generate the following execution plan. Resource actions are indicated with the following symbols:
  + create

Terraform will perform the following actions:

  # azurerm_availability_set.main will be created
  + resource "azurerm_availability_set" "main" {
      + id                           = (known after apply)
      + location                     = "eastus"
      + managed                      = true
      + name                         = "AzureWebServerMG-vm-availability-set"
      + platform_fault_domain_count  = 2
      + platform_update_domain_count = 2
      + resource_group_name          = "Azuredevops"
      + tags                         = {
          + "env" = "AzureWebServerMG"
        }
    }

  # azurerm_lb.main will be created
  + resource "azurerm_lb" "main" {
      + id                   = (known after apply)
      + location             = "eastus"
      + name                 = "AzureWebServerMG-load-balancer"
      + private_ip_address   = (known after apply)
      + private_ip_addresses = (known after apply)
      + resource_group_name  = "Azuredevops"
      + sku                  = "Basic"
      + sku_tier             = "Regional"
      + tags                 = {
          + "env" = "AzureWebServerMG"
        }

      + frontend_ip_configuration {
          + gateway_load_balancer_frontend_ip_configuration_id = (known after apply)
          + id                                                 = (known after apply)
          + inbound_nat_rules                                  = (known after apply)
          + load_balancer_rules                                = (known after apply)
          + name                                               = "AzureWebServerMG-public-ip"
          + outbound_rules                                     = (known after apply)
          + private_ip_address                                 = (known after apply)
          + private_ip_address_allocation                      = (known after apply)
          + private_ip_address_version                         = (known after apply)
          + public_ip_address_id                               = (known after apply)
          + public_ip_prefix_id                                = (known after apply)
          + subnet_id                                          = (known after apply)
        }
    }

  # azurerm_lb_backend_address_pool.main will be created
  + resource "azurerm_lb_backend_address_pool" "main" {
      + backend_ip_configurations = (known after apply)
      + id                        = (known after apply)
      + load_balancing_rules      = (known after apply)
      + loadbalancer_id           = (known after apply)
      + name                      = "AzureWebServerMG-backend-address-pool"
      + outbound_rules            = (known after apply)
    }

  # azurerm_lb_probe.main will be created
  + resource "azurerm_lb_probe" "main" {
      + id                  = (known after apply)
      + interval_in_seconds = 15
      + load_balancer_rules = (known after apply)
      + loadbalancer_id     = (known after apply)
      + name                = "AzureWebServerMG-lb-probe"
      + number_of_probes    = 2
      + port                = 80
      + protocol            = (known after apply)
    }

  # azurerm_lb_rule.main will be created
  + resource "azurerm_lb_rule" "main" {
      + backend_address_pool_ids       = (known after apply)
      + backend_port                   = 80
      + disable_outbound_snat          = false
      + enable_floating_ip             = false
      + frontend_ip_configuration_id   = (known after apply)
      + frontend_ip_configuration_name = "AzureWebServerMG-public-ip"
      + frontend_port                  = 80
      + id                             = (known after apply)
      + idle_timeout_in_minutes        = (known after apply)
      + load_distribution              = (known after apply)
      + loadbalancer_id                = (known after apply)
      + name                           = "AzureWebServerMG-lb-rule-http"
      + probe_id                       = (known after apply)
      + protocol                       = "Tcp"
    }

  # azurerm_linux_virtual_machine.main[0] will be created
  + resource "azurerm_linux_virtual_machine" "main" {
      + admin_password                  = (sensitive value)
      + admin_username                  = "mikeg"
      + allow_extension_operations      = true
      + availability_set_id             = (known after apply)
      + computer_name                   = (known after apply)
      + disable_password_authentication = false
      + extensions_time_budget          = "PT1H30M"
      + id                              = (known after apply)
      + location                        = "eastus"
      + max_bid_price                   = -1
      + name                            = "AzureWebServerMG-0-vm"
      + network_interface_ids           = (known after apply)
      + patch_mode                      = "ImageDefault"
      + platform_fault_domain           = -1
      + priority                        = "Regular"
      + private_ip_address              = (known after apply)
      + private_ip_addresses            = (known after apply)
      + provision_vm_agent              = true
      + public_ip_address               = (known after apply)
      + public_ip_addresses             = (known after apply)
      + resource_group_name             = "Azuredevops"
      + size                            = "Standard_B1s"
      + source_image_id                 = "/subscriptions/2576e2a1-0b1e-4545-9622-12ca44208419/resourceGroups/Azuredevops/providers/Microsoft.Compute/images/projectImage"
      + tags                            = {
          + "env" = "AzureWebServerMG"
        }
      + virtual_machine_id              = (known after apply)

      + os_disk {
          + caching                   = "ReadWrite"
          + disk_size_gb              = (known after apply)
          + name                      = (known after apply)
          + storage_account_type      = "Standard_LRS"
          + write_accelerator_enabled = false
        }

      + termination_notification {
          + enabled = (known after apply)
          + timeout = (known after apply)
        }
    }

  # azurerm_linux_virtual_machine.main[1] will be created
  + resource "azurerm_linux_virtual_machine" "main" {
      + admin_password                  = (sensitive value)
      + admin_username                  = "mikeg"
      + allow_extension_operations      = true
      + availability_set_id             = (known after apply)
      + computer_name                   = (known after apply)
      + disable_password_authentication = false
      + extensions_time_budget          = "PT1H30M"
      + id                              = (known after apply)
      + location                        = "eastus"
      + max_bid_price                   = -1
      + name                            = "AzureWebServerMG-1-vm"
      + network_interface_ids           = (known after apply)
      + patch_mode                      = "ImageDefault"
      + platform_fault_domain           = -1
      + priority                        = "Regular"
      + private_ip_address              = (known after apply)
      + private_ip_addresses            = (known after apply)
      + provision_vm_agent              = true
      + public_ip_address               = (known after apply)
      + public_ip_addresses             = (known after apply)
      + resource_group_name             = "Azuredevops"
      + size                            = "Standard_B1s"
      + source_image_id                 = "/subscriptions/2576e2a1-0b1e-4545-9622-12ca44208419/resourceGroups/Azuredevops/providers/Microsoft.Compute/images/projectImage"
      + tags                            = {
          + "env" = "AzureWebServerMG"
        }
      + virtual_machine_id              = (known after apply)

      + os_disk {
          + caching                   = "ReadWrite"
          + disk_size_gb              = (known after apply)
          + name                      = (known after apply)
          + storage_account_type      = "Standard_LRS"
          + write_accelerator_enabled = false
        }

      + termination_notification {
          + enabled = (known after apply)
          + timeout = (known after apply)
        }
    }

  # azurerm_managed_disk.main[0] will be created
  + resource "azurerm_managed_disk" "main" {
      + create_option                 = "Empty"
      + disk_iops_read_only           = (known after apply)
      + disk_iops_read_write          = (known after apply)
      + disk_mbps_read_only           = (known after apply)
      + disk_mbps_read_write          = (known after apply)
      + disk_size_gb                  = 1
      + id                            = (known after apply)
      + location                      = "eastus"
      + logical_sector_size           = (known after apply)
      + max_shares                    = (known after apply)
      + name                          = "AzureWebServerMG-0-manged-disk"
      + public_network_access_enabled = true
      + resource_group_name           = "Azuredevops"
      + source_uri                    = (known after apply)
      + storage_account_type          = "Standard_LRS"
      + tags                          = {
          + "env" = "AzureWebServerMG"
        }
      + tier                          = (known after apply)
    }

  # azurerm_managed_disk.main[1] will be created
  + resource "azurerm_managed_disk" "main" {
      + create_option                 = "Empty"
      + disk_iops_read_only           = (known after apply)
      + disk_iops_read_write          = (known after apply)
      + disk_mbps_read_only           = (known after apply)
      + disk_mbps_read_write          = (known after apply)
      + disk_size_gb                  = 1
      + id                            = (known after apply)
      + location                      = "eastus"
      + logical_sector_size           = (known after apply)
      + max_shares                    = (known after apply)
      + name                          = "AzureWebServerMG-1-manged-disk"
      + public_network_access_enabled = true
      + resource_group_name           = "Azuredevops"
      + source_uri                    = (known after apply)
      + storage_account_type          = "Standard_LRS"
      + tags                          = {
          + "env" = "AzureWebServerMG"
        }
      + tier                          = (known after apply)
    }

  # azurerm_network_interface.main[0] will be created
  + resource "azurerm_network_interface" "main" {
      + applied_dns_servers           = (known after apply)
      + dns_servers                   = (known after apply)
      + enable_accelerated_networking = false
      + enable_ip_forwarding          = false
      + id                            = (known after apply)
      + internal_dns_name_label       = (known after apply)
      + internal_domain_name_suffix   = (known after apply)
      + location                      = "eastus"
      + mac_address                   = (known after apply)
      + name                          = "AzureWebServerMG-0-nic"
      + private_ip_address            = (known after apply)
      + private_ip_addresses          = (known after apply)
      + resource_group_name           = "Azuredevops"
      + tags                          = {
          + "env" = "AzureWebServerMG"
        }
      + virtual_machine_id            = (known after apply)

      + ip_configuration {
          + gateway_load_balancer_frontend_ip_configuration_id = (known after apply)
          + name                                               = "AzureWebServerMG-0-ip-configuration"
          + primary                                            = (known after apply)
          + private_ip_address                                 = (known after apply)
          + private_ip_address_allocation                      = "Dynamic"
          + private_ip_address_version                         = "IPv4"
          + subnet_id                                          = (known after apply)
        }
    }

  # azurerm_network_interface.main[1] will be created
  + resource "azurerm_network_interface" "main" {
      + applied_dns_servers           = (known after apply)
      + dns_servers                   = (known after apply)
      + enable_accelerated_networking = false
      + enable_ip_forwarding          = false
      + id                            = (known after apply)
      + internal_dns_name_label       = (known after apply)
      + internal_domain_name_suffix   = (known after apply)
      + location                      = "eastus"
      + mac_address                   = (known after apply)
      + name                          = "AzureWebServerMG-1-nic"
      + private_ip_address            = (known after apply)
      + private_ip_addresses          = (known after apply)
      + resource_group_name           = "Azuredevops"
      + tags                          = {
          + "env" = "AzureWebServerMG"
        }
      + virtual_machine_id            = (known after apply)

      + ip_configuration {
          + gateway_load_balancer_frontend_ip_configuration_id = (known after apply)
          + name                                               = "AzureWebServerMG-1-ip-configuration"
          + primary                                            = (known after apply)
          + private_ip_address                                 = (known after apply)
          + private_ip_address_allocation                      = "Dynamic"
          + private_ip_address_version                         = "IPv4"
          + subnet_id                                          = (known after apply)
        }
    }

  # azurerm_network_interface_backend_address_pool_association.main[0] will be created
  + resource "azurerm_network_interface_backend_address_pool_association" "main" {
      + backend_address_pool_id = (known after apply)
      + id                      = (known after apply)
      + ip_configuration_name   = "AzureWebServerMG-0-ip-configuration"
      + network_interface_id    = (known after apply)
    }

  # azurerm_network_interface_backend_address_pool_association.main[1] will be created
  + resource "azurerm_network_interface_backend_address_pool_association" "main" {
      + backend_address_pool_id = (known after apply)
      + id                      = (known after apply)
      + ip_configuration_name   = "AzureWebServerMG-1-ip-configuration"
      + network_interface_id    = (known after apply)
    }

  # azurerm_network_security_group.main will be created
  + resource "azurerm_network_security_group" "main" {
      + id                  = (known after apply)
      + location            = "eastus"
      + name                = "AzureWebServerMG-nsg"
      + resource_group_name = "Azuredevops"
      + security_rule       = (known after apply)
      + tags                = {
          + "env" = "AzureWebServerMG"
        }
    }

  # azurerm_network_security_rule.mainsr100 will be created
  + resource "azurerm_network_security_rule" "mainsr100" {
      + access                      = "Deny"
      + destination_address_prefix  = "VirtualNetwork"
      + destination_port_range      = "*"
      + direction                   = "Inbound"
      + id                          = (known after apply)
      + name                        = "DenyVNetInboundFromInternet"
      + network_security_group_name = "AzureWebServerMG-nsg"
      + priority                    = 100
      + protocol                    = "*"
      + resource_group_name         = "Azuredevops"
      + source_address_prefix       = "Internet"
      + source_port_range           = "*"
    }

  # azurerm_public_ip.main will be created
  + resource "azurerm_public_ip" "main" {
      + allocation_method       = "Static"
      + fqdn                    = (known after apply)
      + id                      = (known after apply)
      + idle_timeout_in_minutes = 4
      + ip_address              = (known after apply)
      + ip_version              = "IPv4"
      + location                = "eastus"
      + name                    = "AzureWebServerMG-public-ip"
      + resource_group_name     = "Azuredevops"
      + sku                     = "Basic"
      + sku_tier                = "Regional"
      + tags                    = {
          + "env" = "AzureWebServerMG"
        }
    }

  # azurerm_subnet.main will be created
  + resource "azurerm_subnet" "main" {
      + address_prefixes                               = [
          + "10.0.2.0/24",
        ]
      + enforce_private_link_endpoint_network_policies = false
      + enforce_private_link_service_network_policies  = false
      + id                                             = (known after apply)
      + name                                           = "AzureWebServerMG-subnet"
      + resource_group_name                            = "Azuredevops"
      + virtual_network_name                           = "AzureWebServerMG-network"
    }

  # azurerm_subnet_network_security_group_association.main will be created
  + resource "azurerm_subnet_network_security_group_association" "main" {
      + id                        = (known after apply)
      + network_security_group_id = (known after apply)
      + subnet_id                 = (known after apply)
    }

  # azurerm_virtual_machine_data_disk_attachment.main[0] will be created
  + resource "azurerm_virtual_machine_data_disk_attachment" "main" {
      + caching                   = "ReadWrite"
      + create_option             = "Attach"
      + id                        = (known after apply)
      + lun                       = 1
      + managed_disk_id           = (known after apply)
      + virtual_machine_id        = (known after apply)
      + write_accelerator_enabled = false
    }

  # azurerm_virtual_machine_data_disk_attachment.main[1] will be created
  + resource "azurerm_virtual_machine_data_disk_attachment" "main" {
      + caching                   = "ReadWrite"
      + create_option             = "Attach"
      + id                        = (known after apply)
      + lun                       = 1
      + managed_disk_id           = (known after apply)
      + virtual_machine_id        = (known after apply)
      + write_accelerator_enabled = false
    }

  # azurerm_virtual_network.main will be created
  + resource "azurerm_virtual_network" "main" {
      + address_space       = [
          + "10.0.0.0/22",
        ]
      + dns_servers         = (known after apply)
      + guid                = (known after apply)
      + id                  = (known after apply)
      + location            = "eastus"
      + name                = "AzureWebServerMG-network"
      + resource_group_name = "Azuredevops"
      + subnet              = (known after apply)
      + tags                = {
          + "env" = "AzureWebServerMG"
        }
    }

Plan: 21 to add, 0 to change, 0 to destroy.

───────────────────────────────────────────────────────────────────────────────────────────────────────────────────────────────────────────

Saved the plan to: solution.plan

To perform exactly these actions, run the following command to apply:
    terraform apply "solution.plan"
