{
  "version": 4,
  "terraform_version": "1.2.7",
  "serial": 33,
  "lineage": "40c7e83c-837e-64d0-1053-8c7dc54c8c36",
  "outputs": {},
  "resources": [
    {
      "mode": "data",
      "type": "azurerm_image",
      "name": "main",
      "provider": "provider[\"registry.terraform.io/hashicorp/azurerm\"]",
      "instances": [
        {
          "schema_version": 0,
          "attributes": {
            "data_disk": [],
            "id": "/subscriptions/2576e2a1-0b1e-4545-9622-12ca44208419/resourceGroups/Azuredevops/providers/Microsoft.Compute/images/projectImage",
            "location": "eastus",
            "name": "projectImage",
            "name_regex": null,
            "os_disk": [
              {
                "blob_uri": "",
                "caching": "ReadWrite",
                "managed_disk_id": "/subscriptions/2576e2a1-0b1e-4545-9622-12ca44208419/resourceGroups/pkr-Resource-Group-v621vz7702/providers/Microsoft.Compute/disks/pkrosv621vz7702",
                "os_state": "Generalized",
                "os_type": "Linux",
                "size_gb": 30
              }
            ],
            "resource_group_name": "Azuredevops",
            "sort_descending": false,
            "tags": {
              "env": "Test"
            },
            "timeouts": null,
            "zone_resilient": false
          },
          "sensitive_attributes": []
        }
      ]
    },
    {
      "mode": "data",
      "type": "azurerm_resource_group",
      "name": "main",
      "provider": "provider[\"registry.terraform.io/hashicorp/azurerm\"]",
      "instances": [
        {
          "schema_version": 0,
          "attributes": {
            "id": "/subscriptions/2576e2a1-0b1e-4545-9622-12ca44208419/resourceGroups/Azuredevops",
            "location": "eastus",
            "name": "Azuredevops",
            "tags": {},
            "timeouts": null
          },
          "sensitive_attributes": []
        }
      ]
    },
    {
      "mode": "managed",
      "type": "azurerm_availability_set",
      "name": "main",
      "provider": "provider[\"registry.terraform.io/hashicorp/azurerm\"]",
      "instances": [
        {
          "schema_version": 0,
          "attributes": {
            "id": "/subscriptions/2576e2a1-0b1e-4545-9622-12ca44208419/resourceGroups/Azuredevops/providers/Microsoft.Compute/availabilitySets/AzureWebServerMG-vm-availability-set",
            "location": "eastus",
            "managed": true,
            "name": "AzureWebServerMG-vm-availability-set",
            "platform_fault_domain_count": 2,
            "platform_update_domain_count": 2,
            "proximity_placement_group_id": null,
            "resource_group_name": "Azuredevops",
            "tags": {
              "env": "AzureWebServerMG"
            },
            "timeouts": null
          },
          "sensitive_attributes": [],
          "private": "eyJlMmJmYjczMC1lY2FhLTExZTYtOGY4OC0zNDM2M2JjN2M0YzAiOnsiY3JlYXRlIjoxODAwMDAwMDAwMDAwLCJkZWxldGUiOjE4MDAwMDAwMDAwMDAsInJlYWQiOjMwMDAwMDAwMDAwMCwidXBkYXRlIjoxODAwMDAwMDAwMDAwfX0=",
          "dependencies": [
            "data.azurerm_resource_group.main"
          ]
        }
      ]
    },
    {
      "mode": "managed",
      "type": "azurerm_lb",
      "name": "main",
      "provider": "provider[\"registry.terraform.io/hashicorp/azurerm\"]",
      "instances": [
        {
          "schema_version": 0,
          "attributes": {
            "edge_zone": "",
            "frontend_ip_configuration": [
              {
                "gateway_load_balancer_frontend_ip_configuration_id": "",
                "id": "/subscriptions/2576e2a1-0b1e-4545-9622-12ca44208419/resourceGroups/Azuredevops/providers/Microsoft.Network/loadBalancers/AzureWebServerMG-load-balancer/frontendIPConfigurations/AzureWebServerMG-public-ip",
                "inbound_nat_rules": [],
                "load_balancer_rules": [],
                "name": "AzureWebServerMG-public-ip",
                "outbound_rules": [],
                "private_ip_address": "",
                "private_ip_address_allocation": "Dynamic",
                "private_ip_address_version": "",
                "public_ip_address_id": "/subscriptions/2576e2a1-0b1e-4545-9622-12ca44208419/resourceGroups/Azuredevops/providers/Microsoft.Network/publicIPAddresses/AzureWebServerMG-public-ip",
                "public_ip_prefix_id": "",
                "subnet_id": "",
                "zones": null
              }
            ],
            "id": "/subscriptions/2576e2a1-0b1e-4545-9622-12ca44208419/resourceGroups/Azuredevops/providers/Microsoft.Network/loadBalancers/AzureWebServerMG-load-balancer",
            "location": "eastus",
            "name": "AzureWebServerMG-load-balancer",
            "private_ip_address": "",
            "private_ip_addresses": [],
            "resource_group_name": "Azuredevops",
            "sku": "Basic",
            "sku_tier": "Regional",
            "tags": {
              "env": "AzureWebServerMG"
            },
            "timeouts": null
          },
          "sensitive_attributes": [],
          "private": "eyJlMmJmYjczMC1lY2FhLTExZTYtOGY4OC0zNDM2M2JjN2M0YzAiOnsiY3JlYXRlIjoxODAwMDAwMDAwMDAwLCJkZWxldGUiOjE4MDAwMDAwMDAwMDAsInJlYWQiOjMwMDAwMDAwMDAwMCwidXBkYXRlIjoxODAwMDAwMDAwMDAwfX0=",
          "dependencies": [
            "azurerm_public_ip.main",
            "data.azurerm_resource_group.main"
          ]
        }
      ]
    },
    {
      "mode": "managed",
      "type": "azurerm_lb_backend_address_pool",
      "name": "main",
      "provider": "provider[\"registry.terraform.io/hashicorp/azurerm\"]",
      "instances": [
        {
          "schema_version": 0,
          "attributes": {
            "backend_ip_configurations": [],
            "id": "/subscriptions/2576e2a1-0b1e-4545-9622-12ca44208419/resourceGroups/Azuredevops/providers/Microsoft.Network/loadBalancers/AzureWebServerMG-load-balancer/backendAddressPools/AzureWebServerMG-backend-address-pool",
            "load_balancing_rules": [],
            "loadbalancer_id": "/subscriptions/2576e2a1-0b1e-4545-9622-12ca44208419/resourceGroups/Azuredevops/providers/Microsoft.Network/loadBalancers/AzureWebServerMG-load-balancer",
            "name": "AzureWebServerMG-backend-address-pool",
            "outbound_rules": [],
            "timeouts": null,
            "tunnel_interface": []
          },
          "sensitive_attributes": [],
          "private": "eyJlMmJmYjczMC1lY2FhLTExZTYtOGY4OC0zNDM2M2JjN2M0YzAiOnsiY3JlYXRlIjoxODAwMDAwMDAwMDAwLCJkZWxldGUiOjE4MDAwMDAwMDAwMDAsInJlYWQiOjMwMDAwMDAwMDAwMCwidXBkYXRlIjoxODAwMDAwMDAwMDAwfX0=",
          "dependencies": [
            "azurerm_lb.main",
            "azurerm_public_ip.main",
            "data.azurerm_resource_group.main"
          ]
        }
      ]
    },
    {
      "mode": "managed",
      "type": "azurerm_lb_probe",
      "name": "main",
      "provider": "provider[\"registry.terraform.io/hashicorp/azurerm\"]",
      "instances": [
        {
          "schema_version": 0,
          "attributes": {
            "id": "/subscriptions/2576e2a1-0b1e-4545-9622-12ca44208419/resourceGroups/Azuredevops/providers/Microsoft.Network/loadBalancers/AzureWebServerMG-load-balancer/probes/AzureWebServerMG-lb-probe",
            "interval_in_seconds": 15,
            "load_balancer_rules": [],
            "loadbalancer_id": "/subscriptions/2576e2a1-0b1e-4545-9622-12ca44208419/resourceGroups/Azuredevops/providers/Microsoft.Network/loadBalancers/AzureWebServerMG-load-balancer",
            "name": "AzureWebServerMG-lb-probe",
            "number_of_probes": 2,
            "port": 80,
            "protocol": "Tcp",
            "request_path": "",
            "timeouts": null
          },
          "sensitive_attributes": [],
          "private": "eyJlMmJmYjczMC1lY2FhLTExZTYtOGY4OC0zNDM2M2JjN2M0YzAiOnsiY3JlYXRlIjoxODAwMDAwMDAwMDAwLCJkZWxldGUiOjE4MDAwMDAwMDAwMDAsInJlYWQiOjMwMDAwMDAwMDAwMCwidXBkYXRlIjoxODAwMDAwMDAwMDAwfX0=",
          "dependencies": [
            "azurerm_lb.main",
            "azurerm_public_ip.main",
            "data.azurerm_resource_group.main"
          ]
        }
      ]
    },
    {
      "mode": "managed",
      "type": "azurerm_lb_rule",
      "name": "main",
      "provider": "provider[\"registry.terraform.io/hashicorp/azurerm\"]",
      "instances": [
        {
          "schema_version": 0,
          "attributes": {
            "backend_address_pool_ids": [
              "/subscriptions/2576e2a1-0b1e-4545-9622-12ca44208419/resourceGroups/Azuredevops/providers/Microsoft.Network/loadBalancers/AzureWebServerMG-load-balancer/backendAddressPools/AzureWebServerMG-backend-address-pool"
            ],
            "backend_port": 80,
            "disable_outbound_snat": false,
            "enable_floating_ip": false,
            "enable_tcp_reset": false,
            "frontend_ip_configuration_id": "/subscriptions/2576e2a1-0b1e-4545-9622-12ca44208419/resourceGroups/Azuredevops/providers/Microsoft.Network/loadBalancers/AzureWebServerMG-load-balancer/frontendIPConfigurations/AzureWebServerMG-public-ip",
            "frontend_ip_configuration_name": "AzureWebServerMG-public-ip",
            "frontend_port": 80,
            "id": "/subscriptions/2576e2a1-0b1e-4545-9622-12ca44208419/resourceGroups/Azuredevops/providers/Microsoft.Network/loadBalancers/AzureWebServerMG-load-balancer/loadBalancingRules/AzureWebServerMG-lb-rule-http",
            "idle_timeout_in_minutes": 4,
            "load_distribution": "Default",
            "loadbalancer_id": "/subscriptions/2576e2a1-0b1e-4545-9622-12ca44208419/resourceGroups/Azuredevops/providers/Microsoft.Network/loadBalancers/AzureWebServerMG-load-balancer",
            "name": "AzureWebServerMG-lb-rule-http",
            "probe_id": "/subscriptions/2576e2a1-0b1e-4545-9622-12ca44208419/resourceGroups/Azuredevops/providers/Microsoft.Network/loadBalancers/AzureWebServerMG-load-balancer/probes/AzureWebServerMG-lb-probe",
            "protocol": "Tcp",
            "timeouts": null
          },
          "sensitive_attributes": [],
          "private": "eyJlMmJmYjczMC1lY2FhLTExZTYtOGY4OC0zNDM2M2JjN2M0YzAiOnsiY3JlYXRlIjoxODAwMDAwMDAwMDAwLCJkZWxldGUiOjE4MDAwMDAwMDAwMDAsInJlYWQiOjMwMDAwMDAwMDAwMCwidXBkYXRlIjoxODAwMDAwMDAwMDAwfX0=",
          "dependencies": [
            "azurerm_lb.main",
            "azurerm_lb_backend_address_pool.main",
            "azurerm_lb_probe.main",
            "azurerm_public_ip.main",
            "data.azurerm_resource_group.main"
          ]
        }
      ]
    },
    {
      "mode": "managed",
      "type": "azurerm_linux_virtual_machine",
      "name": "main",
      "provider": "provider[\"registry.terraform.io/hashicorp/azurerm\"]",
      "instances": [
        {
          "index_key": 0,
          "schema_version": 0,
          "attributes": {
            "additional_capabilities": [],
            "admin_password": "WordPass##21",
            "admin_ssh_key": [],
            "admin_username": "mikeg",
            "allow_extension_operations": true,
            "availability_set_id": "/subscriptions/2576e2a1-0b1e-4545-9622-12ca44208419/resourceGroups/Azuredevops/providers/Microsoft.Compute/availabilitySets/AZUREWEBSERVERMG-VM-AVAILABILITY-SET",
            "boot_diagnostics": [],
            "computer_name": "AzureWebServerMG-0-vm",
            "custom_data": null,
            "dedicated_host_group_id": "",
            "dedicated_host_id": "",
            "disable_password_authentication": false,
            "edge_zone": "",
            "encryption_at_host_enabled": false,
            "eviction_policy": "",
            "extensions_time_budget": "PT1H30M",
            "id": "/subscriptions/2576e2a1-0b1e-4545-9622-12ca44208419/resourceGroups/Azuredevops/providers/Microsoft.Compute/virtualMachines/AzureWebServerMG-0-vm",
            "identity": [],
            "license_type": "",
            "location": "eastus",
            "max_bid_price": -1,
            "name": "AzureWebServerMG-0-vm",
            "network_interface_ids": [
              "/subscriptions/2576e2a1-0b1e-4545-9622-12ca44208419/resourceGroups/Azuredevops/providers/Microsoft.Network/networkInterfaces/AzureWebServerMG-0-nic"
            ],
            "os_disk": [
              {
                "caching": "ReadWrite",
                "diff_disk_settings": [],
                "disk_encryption_set_id": "",
                "disk_size_gb": 30,
                "name": "AzureWebServerMG-0-vm_disk1_fcccafa3f6b4400bac9eb69744352f28",
                "storage_account_type": "Standard_LRS",
                "write_accelerator_enabled": false
              }
            ],
            "patch_mode": "ImageDefault",
            "plan": [],
            "platform_fault_domain": -1,
            "priority": "Regular",
            "private_ip_address": "10.0.2.5",
            "private_ip_addresses": [
              "10.0.2.5"
            ],
            "provision_vm_agent": true,
            "proximity_placement_group_id": "",
            "public_ip_address": "",
            "public_ip_addresses": [],
            "resource_group_name": "Azuredevops",
            "secret": [],
            "secure_boot_enabled": false,
            "size": "Standard_B1s",
            "source_image_id": "/subscriptions/2576e2a1-0b1e-4545-9622-12ca44208419/resourceGroups/Azuredevops/providers/Microsoft.Compute/images/projectImage",
            "source_image_reference": [],
            "tags": {
              "env": "AzureWebServerMG"
            },
            "termination_notification": [],
            "timeouts": null,
            "user_data": "",
            "virtual_machine_id": "538c7424-68ff-4cea-903c-b88e2b83122d",
            "virtual_machine_scale_set_id": "",
            "vtpm_enabled": false,
            "zone": ""
          },
          "sensitive_attributes": [],
          "private": "eyJlMmJmYjczMC1lY2FhLTExZTYtOGY4OC0zNDM2M2JjN2M0YzAiOnsiY3JlYXRlIjoyNzAwMDAwMDAwMDAwLCJkZWxldGUiOjI3MDAwMDAwMDAwMDAsInJlYWQiOjMwMDAwMDAwMDAwMCwidXBkYXRlIjoyNzAwMDAwMDAwMDAwfX0=",
          "dependencies": [
            "azurerm_availability_set.main",
            "azurerm_network_interface.main",
            "azurerm_subnet.main",
            "azurerm_virtual_network.main",
            "data.azurerm_image.main",
            "data.azurerm_resource_group.main"
          ]
        },
        {
          "index_key": 1,
          "schema_version": 0,
          "attributes": {
            "additional_capabilities": [],
            "admin_password": "WordPass##21",
            "admin_ssh_key": [],
            "admin_username": "mikeg",
            "allow_extension_operations": true,
            "availability_set_id": "/subscriptions/2576e2a1-0b1e-4545-9622-12ca44208419/resourceGroups/Azuredevops/providers/Microsoft.Compute/availabilitySets/AZUREWEBSERVERMG-VM-AVAILABILITY-SET",
            "boot_diagnostics": [],
            "computer_name": "AzureWebServerMG-1-vm",
            "custom_data": null,
            "dedicated_host_group_id": "",
            "dedicated_host_id": "",
            "disable_password_authentication": false,
            "edge_zone": "",
            "encryption_at_host_enabled": false,
            "eviction_policy": "",
            "extensions_time_budget": "PT1H30M",
            "id": "/subscriptions/2576e2a1-0b1e-4545-9622-12ca44208419/resourceGroups/Azuredevops/providers/Microsoft.Compute/virtualMachines/AzureWebServerMG-1-vm",
            "identity": [],
            "license_type": "",
            "location": "eastus",
            "max_bid_price": -1,
            "name": "AzureWebServerMG-1-vm",
            "network_interface_ids": [
              "/subscriptions/2576e2a1-0b1e-4545-9622-12ca44208419/resourceGroups/Azuredevops/providers/Microsoft.Network/networkInterfaces/AzureWebServerMG-1-nic"
            ],
            "os_disk": [
              {
                "caching": "ReadWrite",
                "diff_disk_settings": [],
                "disk_encryption_set_id": "",
                "disk_size_gb": 30,
                "name": "AzureWebServerMG-1-vm_disk1_c707f106a78f491191a0ffb5abbb1ffb",
                "storage_account_type": "Standard_LRS",
                "write_accelerator_enabled": false
              }
            ],
            "patch_mode": "ImageDefault",
            "plan": [],
            "platform_fault_domain": -1,
            "priority": "Regular",
            "private_ip_address": "10.0.2.4",
            "private_ip_addresses": [
              "10.0.2.4"
            ],
            "provision_vm_agent": true,
            "proximity_placement_group_id": "",
            "public_ip_address": "",
            "public_ip_addresses": [],
            "resource_group_name": "Azuredevops",
            "secret": [],
            "secure_boot_enabled": false,
            "size": "Standard_B1s",
            "source_image_id": "/subscriptions/2576e2a1-0b1e-4545-9622-12ca44208419/resourceGroups/Azuredevops/providers/Microsoft.Compute/images/projectImage",
            "source_image_reference": [],
            "tags": {
              "env": "AzureWebServerMG"
            },
            "termination_notification": [],
            "timeouts": null,
            "user_data": "",
            "virtual_machine_id": "7c0a7037-a394-4c90-866f-0f1d4dd15913",
            "virtual_machine_scale_set_id": "",
            "vtpm_enabled": false,
            "zone": ""
          },
          "sensitive_attributes": [],
          "private": "eyJlMmJmYjczMC1lY2FhLTExZTYtOGY4OC0zNDM2M2JjN2M0YzAiOnsiY3JlYXRlIjoyNzAwMDAwMDAwMDAwLCJkZWxldGUiOjI3MDAwMDAwMDAwMDAsInJlYWQiOjMwMDAwMDAwMDAwMCwidXBkYXRlIjoyNzAwMDAwMDAwMDAwfX0=",
          "dependencies": [
            "azurerm_availability_set.main",
            "azurerm_network_interface.main",
            "azurerm_subnet.main",
            "azurerm_virtual_network.main",
            "data.azurerm_image.main",
            "data.azurerm_resource_group.main"
          ]
        }
      ]
    },
    {
      "mode": "managed",
      "type": "azurerm_managed_disk",
      "name": "main",
      "provider": "provider[\"registry.terraform.io/hashicorp/azurerm\"]",
      "instances": [
        {
          "index_key": 0,
          "schema_version": 0,
          "attributes": {
            "create_option": "Empty",
            "disk_access_id": "",
            "disk_encryption_set_id": "",
            "disk_iops_read_only": 0,
            "disk_iops_read_write": 500,
            "disk_mbps_read_only": 0,
            "disk_mbps_read_write": 60,
            "disk_size_gb": 1,
            "edge_zone": "",
            "encryption_settings": [],
            "gallery_image_reference_id": "",
            "hyper_v_generation": "",
            "id": "/subscriptions/2576e2a1-0b1e-4545-9622-12ca44208419/resourceGroups/Azuredevops/providers/Microsoft.Compute/disks/AzureWebServerMG-0-manged-disk",
            "image_reference_id": "",
            "location": "eastus",
            "logical_sector_size": null,
            "max_shares": 0,
            "name": "AzureWebServerMG-0-manged-disk",
            "network_access_policy": null,
            "on_demand_bursting_enabled": false,
            "os_type": "",
            "public_network_access_enabled": true,
            "resource_group_name": "Azuredevops",
            "source_resource_id": "",
            "source_uri": "",
            "storage_account_id": "",
            "storage_account_type": "Standard_LRS",
            "tags": {
              "env": "AzureWebServerMG"
            },
            "tier": "",
            "timeouts": null,
            "trusted_launch_enabled": false,
            "zone": ""
          },
          "sensitive_attributes": [],
          "private": "eyJlMmJmYjczMC1lY2FhLTExZTYtOGY4OC0zNDM2M2JjN2M0YzAiOnsiY3JlYXRlIjoxODAwMDAwMDAwMDAwLCJkZWxldGUiOjE4MDAwMDAwMDAwMDAsInJlYWQiOjMwMDAwMDAwMDAwMCwidXBkYXRlIjoxODAwMDAwMDAwMDAwfX0=",
          "dependencies": [
            "data.azurerm_resource_group.main"
          ]
        },
        {
          "index_key": 1,
          "schema_version": 0,
          "attributes": {
            "create_option": "Empty",
            "disk_access_id": "",
            "disk_encryption_set_id": "",
            "disk_iops_read_only": 0,
            "disk_iops_read_write": 500,
            "disk_mbps_read_only": 0,
            "disk_mbps_read_write": 60,
            "disk_size_gb": 1,
            "edge_zone": "",
            "encryption_settings": [],
            "gallery_image_reference_id": "",
            "hyper_v_generation": "",
            "id": "/subscriptions/2576e2a1-0b1e-4545-9622-12ca44208419/resourceGroups/Azuredevops/providers/Microsoft.Compute/disks/AzureWebServerMG-1-manged-disk",
            "image_reference_id": "",
            "location": "eastus",
            "logical_sector_size": null,
            "max_shares": 0,
            "name": "AzureWebServerMG-1-manged-disk",
            "network_access_policy": null,
            "on_demand_bursting_enabled": false,
            "os_type": "",
            "public_network_access_enabled": true,
            "resource_group_name": "Azuredevops",
            "source_resource_id": "",
            "source_uri": "",
            "storage_account_id": "",
            "storage_account_type": "Standard_LRS",
            "tags": {
              "env": "AzureWebServerMG"
            },
            "tier": "",
            "timeouts": null,
            "trusted_launch_enabled": false,
            "zone": ""
          },
          "sensitive_attributes": [],
          "private": "eyJlMmJmYjczMC1lY2FhLTExZTYtOGY4OC0zNDM2M2JjN2M0YzAiOnsiY3JlYXRlIjoxODAwMDAwMDAwMDAwLCJkZWxldGUiOjE4MDAwMDAwMDAwMDAsInJlYWQiOjMwMDAwMDAwMDAwMCwidXBkYXRlIjoxODAwMDAwMDAwMDAwfX0=",
          "dependencies": [
            "data.azurerm_resource_group.main"
          ]
        }
      ]
    },
    {
      "mode": "managed",
      "type": "azurerm_network_interface",
      "name": "main",
      "provider": "provider[\"registry.terraform.io/hashicorp/azurerm\"]",
      "instances": [
        {
          "index_key": 0,
          "schema_version": 0,
          "attributes": {
            "applied_dns_servers": [],
            "dns_servers": [],
            "edge_zone": "",
            "enable_accelerated_networking": false,
            "enable_ip_forwarding": false,
            "id": "/subscriptions/2576e2a1-0b1e-4545-9622-12ca44208419/resourceGroups/Azuredevops/providers/Microsoft.Network/networkInterfaces/AzureWebServerMG-0-nic",
            "internal_dns_name_label": "",
            "internal_domain_name_suffix": "e3iqupvp3zte1awgwczfbl23ph.bx.internal.cloudapp.net",
            "ip_configuration": [
              {
                "gateway_load_balancer_frontend_ip_configuration_id": "",
                "name": "AzureWebServerMG-0-ip-configuration",
                "primary": true,
                "private_ip_address": "10.0.2.5",
                "private_ip_address_allocation": "Dynamic",
                "private_ip_address_version": "IPv4",
                "public_ip_address_id": "",
                "subnet_id": "/subscriptions/2576e2a1-0b1e-4545-9622-12ca44208419/resourceGroups/Azuredevops/providers/Microsoft.Network/virtualNetworks/AzureWebServerMG-network/subnets/AzureWebServerMG-subnet"
              }
            ],
            "location": "eastus",
            "mac_address": "00-0D-3A-9D-88-6E",
            "name": "AzureWebServerMG-0-nic",
            "private_ip_address": "10.0.2.5",
            "private_ip_addresses": [
              "10.0.2.5"
            ],
            "resource_group_name": "Azuredevops",
            "tags": {
              "env": "AzureWebServerMG"
            },
            "timeouts": null,
            "virtual_machine_id": "/subscriptions/2576e2a1-0b1e-4545-9622-12ca44208419/resourceGroups/Azuredevops/providers/Microsoft.Compute/virtualMachines/AzureWebServerMG-0-vm"
          },
          "sensitive_attributes": [],
          "private": "eyJlMmJmYjczMC1lY2FhLTExZTYtOGY4OC0zNDM2M2JjN2M0YzAiOnsiY3JlYXRlIjoxODAwMDAwMDAwMDAwLCJkZWxldGUiOjE4MDAwMDAwMDAwMDAsInJlYWQiOjMwMDAwMDAwMDAwMCwidXBkYXRlIjoxODAwMDAwMDAwMDAwfX0=",
          "dependencies": [
            "azurerm_subnet.main",
            "azurerm_virtual_network.main",
            "data.azurerm_resource_group.main"
          ]
        },
        {
          "index_key": 1,
          "schema_version": 0,
          "attributes": {
            "applied_dns_servers": [],
            "dns_servers": [],
            "edge_zone": "",
            "enable_accelerated_networking": false,
            "enable_ip_forwarding": false,
            "id": "/subscriptions/2576e2a1-0b1e-4545-9622-12ca44208419/resourceGroups/Azuredevops/providers/Microsoft.Network/networkInterfaces/AzureWebServerMG-1-nic",
            "internal_dns_name_label": "",
            "internal_domain_name_suffix": "e3iqupvp3zte1awgwczfbl23ph.bx.internal.cloudapp.net",
            "ip_configuration": [
              {
                "gateway_load_balancer_frontend_ip_configuration_id": "",
                "name": "AzureWebServerMG-1-ip-configuration",
                "primary": true,
                "private_ip_address": "10.0.2.4",
                "private_ip_address_allocation": "Dynamic",
                "private_ip_address_version": "IPv4",
                "public_ip_address_id": "",
                "subnet_id": "/subscriptions/2576e2a1-0b1e-4545-9622-12ca44208419/resourceGroups/Azuredevops/providers/Microsoft.Network/virtualNetworks/AzureWebServerMG-network/subnets/AzureWebServerMG-subnet"
              }
            ],
            "location": "eastus",
            "mac_address": "00-0D-3A-98-CE-02",
            "name": "AzureWebServerMG-1-nic",
            "private_ip_address": "10.0.2.4",
            "private_ip_addresses": [
              "10.0.2.4"
            ],
            "resource_group_name": "Azuredevops",
            "tags": {
              "env": "AzureWebServerMG"
            },
            "timeouts": null,
            "virtual_machine_id": "/subscriptions/2576e2a1-0b1e-4545-9622-12ca44208419/resourceGroups/Azuredevops/providers/Microsoft.Compute/virtualMachines/AzureWebServerMG-1-vm"
          },
          "sensitive_attributes": [],
          "private": "eyJlMmJmYjczMC1lY2FhLTExZTYtOGY4OC0zNDM2M2JjN2M0YzAiOnsiY3JlYXRlIjoxODAwMDAwMDAwMDAwLCJkZWxldGUiOjE4MDAwMDAwMDAwMDAsInJlYWQiOjMwMDAwMDAwMDAwMCwidXBkYXRlIjoxODAwMDAwMDAwMDAwfX0=",
          "dependencies": [
            "azurerm_subnet.main",
            "azurerm_virtual_network.main",
            "data.azurerm_resource_group.main"
          ]
        }
      ]
    },
    {
      "mode": "managed",
      "type": "azurerm_network_interface_backend_address_pool_association",
      "name": "main",
      "provider": "provider[\"registry.terraform.io/hashicorp/azurerm\"]",
      "instances": [
        {
          "index_key": 0,
          "schema_version": 0,
          "attributes": {
            "backend_address_pool_id": "/subscriptions/2576e2a1-0b1e-4545-9622-12ca44208419/resourceGroups/Azuredevops/providers/Microsoft.Network/loadBalancers/AzureWebServerMG-load-balancer/backendAddressPools/AzureWebServerMG-backend-address-pool",
            "id": "/subscriptions/2576e2a1-0b1e-4545-9622-12ca44208419/resourceGroups/Azuredevops/providers/Microsoft.Network/networkInterfaces/AzureWebServerMG-0-nic/ipConfigurations/AzureWebServerMG-0-ip-configuration|/subscriptions/2576e2a1-0b1e-4545-9622-12ca44208419/resourceGroups/Azuredevops/providers/Microsoft.Network/loadBalancers/AzureWebServerMG-load-balancer/backendAddressPools/AzureWebServerMG-backend-address-pool",
            "ip_configuration_name": "AzureWebServerMG-0-ip-configuration",
            "network_interface_id": "/subscriptions/2576e2a1-0b1e-4545-9622-12ca44208419/resourceGroups/Azuredevops/providers/Microsoft.Network/networkInterfaces/AzureWebServerMG-0-nic",
            "timeouts": null
          },
          "sensitive_attributes": [],
          "private": "eyJlMmJmYjczMC1lY2FhLTExZTYtOGY4OC0zNDM2M2JjN2M0YzAiOnsiY3JlYXRlIjoxODAwMDAwMDAwMDAwLCJkZWxldGUiOjE4MDAwMDAwMDAwMDAsInJlYWQiOjMwMDAwMDAwMDAwMCwidXBkYXRlIjoxODAwMDAwMDAwMDAwfX0=",
          "dependencies": [
            "azurerm_lb.main",
            "azurerm_lb_backend_address_pool.main",
            "azurerm_network_interface.main",
            "azurerm_public_ip.main",
            "data.azurerm_resource_group.main"
          ]
        },
        {
          "index_key": 1,
          "schema_version": 0,
          "attributes": {
            "backend_address_pool_id": "/subscriptions/2576e2a1-0b1e-4545-9622-12ca44208419/resourceGroups/Azuredevops/providers/Microsoft.Network/loadBalancers/AzureWebServerMG-load-balancer/backendAddressPools/AzureWebServerMG-backend-address-pool",
            "id": "/subscriptions/2576e2a1-0b1e-4545-9622-12ca44208419/resourceGroups/Azuredevops/providers/Microsoft.Network/networkInterfaces/AzureWebServerMG-1-nic/ipConfigurations/AzureWebServerMG-1-ip-configuration|/subscriptions/2576e2a1-0b1e-4545-9622-12ca44208419/resourceGroups/Azuredevops/providers/Microsoft.Network/loadBalancers/AzureWebServerMG-load-balancer/backendAddressPools/AzureWebServerMG-backend-address-pool",
            "ip_configuration_name": "AzureWebServerMG-1-ip-configuration",
            "network_interface_id": "/subscriptions/2576e2a1-0b1e-4545-9622-12ca44208419/resourceGroups/Azuredevops/providers/Microsoft.Network/networkInterfaces/AzureWebServerMG-1-nic",
            "timeouts": null
          },
          "sensitive_attributes": [],
          "private": "eyJlMmJmYjczMC1lY2FhLTExZTYtOGY4OC0zNDM2M2JjN2M0YzAiOnsiY3JlYXRlIjoxODAwMDAwMDAwMDAwLCJkZWxldGUiOjE4MDAwMDAwMDAwMDAsInJlYWQiOjMwMDAwMDAwMDAwMCwidXBkYXRlIjoxODAwMDAwMDAwMDAwfX0=",
          "dependencies": [
            "azurerm_lb.main",
            "azurerm_lb_backend_address_pool.main",
            "azurerm_network_interface.main",
            "azurerm_public_ip.main",
            "data.azurerm_resource_group.main"
          ]
        }
      ]
    },
    {
      "mode": "managed",
      "type": "azurerm_network_security_group",
      "name": "main",
      "provider": "provider[\"registry.terraform.io/hashicorp/azurerm\"]",
      "instances": [
        {
          "schema_version": 0,
          "attributes": {
            "id": "/subscriptions/2576e2a1-0b1e-4545-9622-12ca44208419/resourceGroups/Azuredevops/providers/Microsoft.Network/networkSecurityGroups/AzureWebServerMG-nsg",
            "location": "eastus",
            "name": "AzureWebServerMG-nsg",
            "resource_group_name": "Azuredevops",
            "security_rule": [
              {
                "access": "Deny",
                "description": "",
                "destination_address_prefix": "VirtualNetwork",
                "destination_address_prefixes": [],
                "destination_application_security_group_ids": [],
                "destination_port_range": "*",
                "destination_port_ranges": [],
                "direction": "Inbound",
                "name": "DenyVNetInboundFromInternet",
                "priority": 100,
                "protocol": "*",
                "source_address_prefix": "Internet",
                "source_address_prefixes": [],
                "source_application_security_group_ids": [],
                "source_port_range": "*",
                "source_port_ranges": []
              }
            ],
            "tags": {
              "env": "AzureWebServerMG"
            },
            "timeouts": null
          },
          "sensitive_attributes": [],
          "private": "eyJlMmJmYjczMC1lY2FhLTExZTYtOGY4OC0zNDM2M2JjN2M0YzAiOnsiY3JlYXRlIjoxODAwMDAwMDAwMDAwLCJkZWxldGUiOjE4MDAwMDAwMDAwMDAsInJlYWQiOjMwMDAwMDAwMDAwMCwidXBkYXRlIjoxODAwMDAwMDAwMDAwfX0=",
          "dependencies": [
            "data.azurerm_resource_group.main"
          ]
        }
      ]
    },
    {
      "mode": "managed",
      "type": "azurerm_network_security_rule",
      "name": "mainsr100",
      "provider": "provider[\"registry.terraform.io/hashicorp/azurerm\"]",
      "instances": [
        {
          "schema_version": 0,
          "attributes": {
            "access": "Deny",
            "description": "",
            "destination_address_prefix": "VirtualNetwork",
            "destination_address_prefixes": [],
            "destination_application_security_group_ids": [],
            "destination_port_range": "*",
            "destination_port_ranges": [],
            "direction": "Inbound",
            "id": "/subscriptions/2576e2a1-0b1e-4545-9622-12ca44208419/resourceGroups/Azuredevops/providers/Microsoft.Network/networkSecurityGroups/AzureWebServerMG-nsg/securityRules/DenyVNetInboundFromInternet",
            "name": "DenyVNetInboundFromInternet",
            "network_security_group_name": "AzureWebServerMG-nsg",
            "priority": 100,
            "protocol": "*",
            "resource_group_name": "Azuredevops",
            "source_address_prefix": "Internet",
            "source_address_prefixes": [],
            "source_application_security_group_ids": [],
            "source_port_range": "*",
            "source_port_ranges": [],
            "timeouts": null
          },
          "sensitive_attributes": [],
          "private": "eyJlMmJmYjczMC1lY2FhLTExZTYtOGY4OC0zNDM2M2JjN2M0YzAiOnsiY3JlYXRlIjoxODAwMDAwMDAwMDAwLCJkZWxldGUiOjE4MDAwMDAwMDAwMDAsInJlYWQiOjMwMDAwMDAwMDAwMCwidXBkYXRlIjoxODAwMDAwMDAwMDAwfX0=",
          "dependencies": [
            "azurerm_network_security_group.main",
            "data.azurerm_resource_group.main"
          ]
        }
      ]
    },
    {
      "mode": "managed",
      "type": "azurerm_public_ip",
      "name": "main",
      "provider": "provider[\"registry.terraform.io/hashicorp/azurerm\"]",
      "instances": [
        {
          "schema_version": 0,
          "attributes": {
            "allocation_method": "Static",
            "domain_name_label": null,
            "edge_zone": "",
            "fqdn": null,
            "id": "/subscriptions/2576e2a1-0b1e-4545-9622-12ca44208419/resourceGroups/Azuredevops/providers/Microsoft.Network/publicIPAddresses/AzureWebServerMG-public-ip",
            "idle_timeout_in_minutes": 4,
            "ip_address": "20.120.31.153",
            "ip_tags": null,
            "ip_version": "IPv4",
            "location": "eastus",
            "name": "AzureWebServerMG-public-ip",
            "public_ip_prefix_id": null,
            "resource_group_name": "Azuredevops",
            "reverse_fqdn": null,
            "sku": "Basic",
            "sku_tier": "Regional",
            "tags": {
              "env": "AzureWebServerMG"
            },
            "timeouts": null,
            "zones": null
          },
          "sensitive_attributes": [],
          "private": "eyJlMmJmYjczMC1lY2FhLTExZTYtOGY4OC0zNDM2M2JjN2M0YzAiOnsiY3JlYXRlIjoxODAwMDAwMDAwMDAwLCJkZWxldGUiOjE4MDAwMDAwMDAwMDAsInJlYWQiOjMwMDAwMDAwMDAwMCwidXBkYXRlIjoxODAwMDAwMDAwMDAwfX0=",
          "dependencies": [
            "data.azurerm_resource_group.main"
          ]
        }
      ]
    },
    {
      "mode": "managed",
      "type": "azurerm_subnet",
      "name": "main",
      "provider": "provider[\"registry.terraform.io/hashicorp/azurerm\"]",
      "instances": [
        {
          "schema_version": 0,
          "attributes": {
            "address_prefixes": [
              "10.0.2.0/24"
            ],
            "delegation": [],
            "enforce_private_link_endpoint_network_policies": false,
            "enforce_private_link_service_network_policies": false,
            "id": "/subscriptions/2576e2a1-0b1e-4545-9622-12ca44208419/resourceGroups/Azuredevops/providers/Microsoft.Network/virtualNetworks/AzureWebServerMG-network/subnets/AzureWebServerMG-subnet",
            "name": "AzureWebServerMG-subnet",
            "resource_group_name": "Azuredevops",
            "service_endpoint_policy_ids": [],
            "service_endpoints": [],
            "timeouts": null,
            "virtual_network_name": "AzureWebServerMG-network"
          },
          "sensitive_attributes": [],
          "private": "eyJlMmJmYjczMC1lY2FhLTExZTYtOGY4OC0zNDM2M2JjN2M0YzAiOnsiY3JlYXRlIjoxODAwMDAwMDAwMDAwLCJkZWxldGUiOjE4MDAwMDAwMDAwMDAsInJlYWQiOjMwMDAwMDAwMDAwMCwidXBkYXRlIjoxODAwMDAwMDAwMDAwfX0=",
          "dependencies": [
            "azurerm_virtual_network.main",
            "data.azurerm_resource_group.main"
          ]
        }
      ]
    },
    {
      "mode": "managed",
      "type": "azurerm_subnet_network_security_group_association",
      "name": "main",
      "provider": "provider[\"registry.terraform.io/hashicorp/azurerm\"]",
      "instances": [
        {
          "schema_version": 0,
          "attributes": {
            "id": "/subscriptions/2576e2a1-0b1e-4545-9622-12ca44208419/resourceGroups/Azuredevops/providers/Microsoft.Network/virtualNetworks/AzureWebServerMG-network/subnets/AzureWebServerMG-subnet",
            "network_security_group_id": "/subscriptions/2576e2a1-0b1e-4545-9622-12ca44208419/resourceGroups/Azuredevops/providers/Microsoft.Network/networkSecurityGroups/AzureWebServerMG-nsg",
            "subnet_id": "/subscriptions/2576e2a1-0b1e-4545-9622-12ca44208419/resourceGroups/Azuredevops/providers/Microsoft.Network/virtualNetworks/AzureWebServerMG-network/subnets/AzureWebServerMG-subnet",
            "timeouts": null
          },
          "sensitive_attributes": [],
          "private": "eyJlMmJmYjczMC1lY2FhLTExZTYtOGY4OC0zNDM2M2JjN2M0YzAiOnsiY3JlYXRlIjoxODAwMDAwMDAwMDAwLCJkZWxldGUiOjE4MDAwMDAwMDAwMDAsInJlYWQiOjMwMDAwMDAwMDAwMCwidXBkYXRlIjoxODAwMDAwMDAwMDAwfX0=",
          "dependencies": [
            "azurerm_network_security_group.main",
            "azurerm_subnet.main",
            "azurerm_virtual_network.main",
            "data.azurerm_resource_group.main"
          ]
        }
      ]
    },
    {
      "mode": "managed",
      "type": "azurerm_virtual_machine_data_disk_attachment",
      "name": "main",
      "provider": "provider[\"registry.terraform.io/hashicorp/azurerm\"]",
      "instances": [
        {
          "index_key": 0,
          "schema_version": 0,
          "attributes": {
            "caching": "ReadWrite",
            "create_option": "Attach",
            "id": "/subscriptions/2576e2a1-0b1e-4545-9622-12ca44208419/resourceGroups/Azuredevops/providers/Microsoft.Compute/virtualMachines/AzureWebServerMG-0-vm/dataDisks/AzureWebServerMG-0-manged-disk",
            "lun": 1,
            "managed_disk_id": "/subscriptions/2576e2a1-0b1e-4545-9622-12ca44208419/resourceGroups/Azuredevops/providers/Microsoft.Compute/disks/AzureWebServerMG-0-manged-disk",
            "timeouts": null,
            "virtual_machine_id": "/subscriptions/2576e2a1-0b1e-4545-9622-12ca44208419/resourceGroups/Azuredevops/providers/Microsoft.Compute/virtualMachines/AzureWebServerMG-0-vm",
            "write_accelerator_enabled": false
          },
          "sensitive_attributes": [],
          "private": "eyJlMmJmYjczMC1lY2FhLTExZTYtOGY4OC0zNDM2M2JjN2M0YzAiOnsiY3JlYXRlIjoxODAwMDAwMDAwMDAwLCJkZWxldGUiOjE4MDAwMDAwMDAwMDAsInJlYWQiOjMwMDAwMDAwMDAwMCwidXBkYXRlIjoxODAwMDAwMDAwMDAwfX0=",
          "dependencies": [
            "azurerm_availability_set.main",
            "azurerm_linux_virtual_machine.main",
            "azurerm_managed_disk.main",
            "azurerm_network_interface.main",
            "azurerm_subnet.main",
            "azurerm_virtual_network.main",
            "data.azurerm_image.main",
            "data.azurerm_resource_group.main"
          ]
        },
        {
          "index_key": 1,
          "schema_version": 0,
          "attributes": {
            "caching": "ReadWrite",
            "create_option": "Attach",
            "id": "/subscriptions/2576e2a1-0b1e-4545-9622-12ca44208419/resourceGroups/Azuredevops/providers/Microsoft.Compute/virtualMachines/AzureWebServerMG-1-vm/dataDisks/AzureWebServerMG-1-manged-disk",
            "lun": 1,
            "managed_disk_id": "/subscriptions/2576e2a1-0b1e-4545-9622-12ca44208419/resourceGroups/Azuredevops/providers/Microsoft.Compute/disks/AzureWebServerMG-1-manged-disk",
            "timeouts": null,
            "virtual_machine_id": "/subscriptions/2576e2a1-0b1e-4545-9622-12ca44208419/resourceGroups/Azuredevops/providers/Microsoft.Compute/virtualMachines/AzureWebServerMG-1-vm",
            "write_accelerator_enabled": false
          },
          "sensitive_attributes": [],
          "private": "eyJlMmJmYjczMC1lY2FhLTExZTYtOGY4OC0zNDM2M2JjN2M0YzAiOnsiY3JlYXRlIjoxODAwMDAwMDAwMDAwLCJkZWxldGUiOjE4MDAwMDAwMDAwMDAsInJlYWQiOjMwMDAwMDAwMDAwMCwidXBkYXRlIjoxODAwMDAwMDAwMDAwfX0=",
          "dependencies": [
            "azurerm_availability_set.main",
            "azurerm_linux_virtual_machine.main",
            "azurerm_managed_disk.main",
            "azurerm_network_interface.main",
            "azurerm_subnet.main",
            "azurerm_virtual_network.main",
            "data.azurerm_image.main",
            "data.azurerm_resource_group.main"
          ]
        }
      ]
    },
    {
      "mode": "managed",
      "type": "azurerm_virtual_network",
      "name": "main",
      "provider": "provider[\"registry.terraform.io/hashicorp/azurerm\"]",
      "instances": [
        {
          "schema_version": 0,
          "attributes": {
            "address_space": [
              "10.0.0.0/22"
            ],
            "bgp_community": "",
            "ddos_protection_plan": [],
            "dns_servers": [],
            "edge_zone": "",
            "flow_timeout_in_minutes": 0,
            "guid": "3e0a5127-eeaf-4d66-82c6-b0b250af9d7f",
            "id": "/subscriptions/2576e2a1-0b1e-4545-9622-12ca44208419/resourceGroups/Azuredevops/providers/Microsoft.Network/virtualNetworks/AzureWebServerMG-network",
            "location": "eastus",
            "name": "AzureWebServerMG-network",
            "resource_group_name": "Azuredevops",
            "subnet": [
              {
                "address_prefix": "10.0.2.0/24",
                "id": "/subscriptions/2576e2a1-0b1e-4545-9622-12ca44208419/resourceGroups/Azuredevops/providers/Microsoft.Network/virtualNetworks/AzureWebServerMG-network/subnets/AzureWebServerMG-subnet",
                "name": "AzureWebServerMG-subnet",
                "security_group": "/subscriptions/2576e2a1-0b1e-4545-9622-12ca44208419/resourceGroups/Azuredevops/providers/Microsoft.Network/networkSecurityGroups/AzureWebServerMG-nsg"
              }
            ],
            "tags": {
              "env": "AzureWebServerMG"
            },
            "timeouts": null
          },
          "sensitive_attributes": [],
          "private": "eyJlMmJmYjczMC1lY2FhLTExZTYtOGY4OC0zNDM2M2JjN2M0YzAiOnsiY3JlYXRlIjoxODAwMDAwMDAwMDAwLCJkZWxldGUiOjE4MDAwMDAwMDAwMDAsInJlYWQiOjMwMDAwMDAwMDAwMCwidXBkYXRlIjoxODAwMDAwMDAwMDAwfX0=",
          "dependencies": [
            "data.azurerm_resource_group.main"
          ]
        }
      ]
    }
  ]
}
